// !$*UTF8*$!
{
	archiveVersion = 1;
	classes = {
	};
	objectVersion = 46;
	objects = {

/* Begin PBXBuildFile section */
		FAB796121E955D3900318790 /* AppDelegate.swift in Sources */ = {isa = PBXBuildFile; fileRef = FAB796111E955D3900318790 /* AppDelegate.swift */; };
		FAB796141E955D3900318790 /* ViewController.swift in Sources */ = {isa = PBXBuildFile; fileRef = FAB796131E955D3900318790 /* ViewController.swift */; };
		FAB796171E955D3900318790 /* Main.storyboard in Resources */ = {isa = PBXBuildFile; fileRef = FAB796151E955D3900318790 /* Main.storyboard */; };
		FAB796191E955D3900318790 /* Assets.xcassets in Resources */ = {isa = PBXBuildFile; fileRef = FAB796181E955D3900318790 /* Assets.xcassets */; };
		FAB7961C1E955D3900318790 /* LaunchScreen.storyboard in Resources */ = {isa = PBXBuildFile; fileRef = FAB7961A1E955D3900318790 /* LaunchScreen.storyboard */; };
/* End PBXBuildFile section */

/* Begin PBXFileReference section */
		FAB7960E1E955D3900318790 /* The Connected Mailbox - XVI.app */ = {isa = PBXFileReference; explicitFileType = wrapper.application; includeInIndex = 0; path = "The Connected Mailbox - XVI.app"; sourceTree = BUILT_PRODUCTS_DIR; };
		FAB796111E955D3900318790 /* AppDelegate.swift */ = {isa = PBXFileReference; lastKnownFileType = sourcecode.swift; path = AppDelegate.swift; sourceTree = "<group>"; };
		FAB796131E955D3900318790 /* ViewController.swift */ = {isa = PBXFileReference; lastKnownFileType = sourcecode.swift; path = ViewController.swift; sourceTree = "<group>"; };
		FAB796161E955D3900318790 /* Base */ = {isa = PBXFileReference; lastKnownFileType = file.storyboard; name = Base; path = Base.lproj/Main.storyboard; sourceTree = "<group>"; };
		FAB796181E955D3900318790 /* Assets.xcassets */ = {isa = PBXFileReference; lastKnownFileType = folder.assetcatalog; path = Assets.xcassets; sourceTree = "<group>"; };
		FAB7961B1E955D3900318790 /* Base */ = {isa = PBXFileReference; lastKnownFileType = file.storyboard; name = Base; path = Base.lproj/LaunchScreen.storyboard; sourceTree = "<group>"; };
		FAB7961D1E955D3900318790 /* Info.plist */ = {isa = PBXFileReference; lastKnownFileType = text.plist.xml; path = Info.plist; sourceTree = "<group>"; };
/* End PBXFileReference section */

/* Begin PBXFrameworksBuildPhase section */
		FAB7960B1E955D3900318790 /* Frameworks */ = {
			isa = PBXFrameworksBuildPhase;
			buildActionMask = 2147483647;
			files = (
			);
			runOnlyForDeploymentPostprocessing = 0;
		};
/* End PBXFrameworksBuildPhase section */

/* Begin PBXGroup section */
		FAB796051E955D3900318790 = {
			isa = PBXGroup;
			children = (
				FAB796101E955D3900318790 /* The Connected Mailbox - XVI */,
				FAB7960F1E955D3900318790 /* Products */,
			);
			sourceTree = "<group>";
		};
		FAB7960F1E955D3900318790 /* Products */ = {
			isa = PBXGroup;
			children = (
				FAB7960E1E955D3900318790 /* The Connected Mailbox - XVI.app */,
			);
			name = Products;
			sourceTree = "<group>";
		};
		FAB796101E955D3900318790 /* The Connected Mailbox - XVI */ = {
			isa = PBXGroup;
			children = (
				FAB796111E955D3900318790 /* AppDelegate.swift */,
				FAB796131E955D3900318790 /* ViewController.swift */,
				FAB796151E955D3900318790 /* Main.storyboard */,
				FAB796181E955D3900318790 /* Assets.xcassets */,
				FAB7961A1E955D3900318790 /* LaunchScreen.storyboard */,
				FAB7961D1E955D3900318790 /* Info.plist */,
			);
			path = "The Connected Mailbox - XVI";
			sourceTree = "<group>";
		};
/* End PBXGroup section */

/* Begin PBXNativeTarget section */
		FAB7960D1E955D3900318790 /* The Connected Mailbox - XVI */ = {
			isa = PBXNativeTarget;
			buildConfigurationList = FAB796201E955D3900318790 /* Build configuration list for PBXNativeTarget "The Connected Mailbox - XVI" */;
			buildPhases = (
				FAB7960A1E955D3900318790 /* Sources */,
				FAB7960B1E955D3900318790 /* Frameworks */,
				FAB7960C1E955D3900318790 /* Resources */,
			);
			buildRules = (
			);
			dependencies = (
			);
			name = "The Connected Mailbox - XVI";
			productName = "The Connected Mailbox - XVI";
			productReference = FAB7960E1E955D3900318790 /* The Connected Mailbox - XVI.app */;
			productType = "com.apple.product-type.application";
		};
/* End PBXNativeTarget section */

/* Begin PBXProject section */
		FAB796061E955D3900318790 /* Project object */ = {
			isa = PBXProject;
			attributes = {
				LastSwiftUpdateCheck = 0820;
				LastUpgradeCheck = 0820;
				ORGANIZATIONNAME = LAGB.TECH;
				TargetAttributes = {
					FAB7960D1E955D3900318790 = {
						CreatedOnToolsVersion = 8.2.1;
						DevelopmentTeam = VWSMFUQHS2;
						ProvisioningStyle = Automatic;
					};
				};
			};
			buildConfigurationList = FAB796091E955D3900318790 /* Build configuration list for PBXProject "The Connected Mailbox - XVI" */;
			compatibilityVersion = "Xcode 3.2";
			developmentRegion = English;
			hasScannedForEncodings = 0;
			knownRegions = (
				en,
				Base,
			);
			mainGroup = FAB796051E955D3900318790;
			productRefGroup = FAB7960F1E955D3900318790 /* Products */;
			projectDirPath = "";
			projectRoot = "";
			targets = (
				FAB7960D1E955D3900318790 /* The Connected Mailbox - XVI */,
			);
		};
/* End PBXProject section */

/* Begin PBXResourcesBuildPhase section */
		FAB7960C1E955D3900318790 /* Resources */ = {
			isa = PBXResourcesBuildPhase;
			buildActionMask = 2147483647;
			files = (
				FAB7961C1E955D3900318790 /* LaunchScreen.storyboard in Resources */,
				FAB796191E955D3900318790 /* Assets.xcassets in Resources */,
				FAB796171E955D3900318790 /* Main.storyboard in Resources */,
			);
			runOnlyForDeploymentPostprocessing = 0;
		};
/* End PBXResourcesBuildPhase section */

/* Begin PBXSourcesBuildPhase section */
		FAB7960A1E955D3900318790 /* Sources */ = {
			isa = PBXSourcesBuildPhase;
			buildActionMask = 2147483647;
			files = (
				FAB796141E955D3900318790 /* ViewController.swift in Sources */,
				FAB796121E955D3900318790 /* AppDelegate.swift in Sources */,
			);
			runOnlyForDeploymentPostprocessing = 0;
		};
/* End PBXSourcesBuildPhase section */

/* Begin PBXVariantGroup section */
		FAB796151E955D3900318790 /* Main.storyboard */ = {
			isa = PBXVariantGroup;
			children = (
				FAB796161E955D3900318790 /* Base */,
			);
			name = Main.storyboard;
			sourceTree = "<group>";
		};
		FAB7961A1E955D3900318790 /* LaunchScreen.storyboard */ = {
			isa = PBXVariantGroup;
			children = (
				FAB7961B1E955D3900318790 /* Base */,
			);
			name = LaunchScreen.storyboard;
			sourceTree = "<group>";
		};
/* End PBXVariantGroup section */

/* Begin XCBuildConfiguration section */
		FAB7961E1E955D3900318790 /* Debug */ = {
			isa = XCBuildConfiguration;
			buildSettings = {
				ALWAYS_SEARCH_USER_PATHS = NO;
				CLANG_ANALYZER_NONNULL = YES;
				CLANG_CXX_LANGUAGE_STANDARD = "gnu++0x";
				CLANG_CXX_LIBRARY = "libc++";
				CLANG_ENABLE_MODULES = YES;
				CLANG_ENABLE_OBJC_ARC = YES;
				CLANG_WARN_BOOL_CONVERSION = YES;
				CLANG_WARN_CONSTANT_CONVERSION = YES;
				CLANG_WARN_DIRECT_OBJC_ISA_USAGE = YES_ERROR;
				CLANG_WARN_DOCUMENTATION_COMMENTS = YES;
				CLANG_WARN_EMPTY_BODY = YES;
				CLANG_WARN_ENUM_CONVERSION = YES;
				CLANG_WARN_INFINITE_RECURSION = YES;
				CLANG_WARN_INT_CONVERSION = YES;
				CLANG_WARN_OBJC_ROOT_CLASS = YES_ERROR;
				CLANG_WARN_SUSPICIOUS_MOVE = YES;
				CLANG_WARN_UNREACHABLE_CODE = YES;
				CLANG_WARN__DUPLICATE_METHOD_MATCH = YES;
				"CODE_SIGN_IDENTITY[sdk=iphoneos*]" = "iPhone Developer";
				COPY_PHASE_STRIP = NO;
				DEBUG_INFORMATION_FORMAT = dwarf;
				ENABLE_STRICT_OBJC_MSGSEND = YES;
				ENABLE_TESTABILITY = YES;
				GCC_C_LANGUAGE_STANDARD = gnu99;
				GCC_DYNAMIC_NO_PIC = NO;
				GCC_NO_COMMON_BLOCKS = YES;
				GCC_OPTIMIZATION_LEVEL = 0;
				GCC_PREPROCESSOR_DEFINITIONS = (
					"DEBUG=1",
					"$(inherited)",
				);
				GCC_WARN_64_TO_32_BIT_CONVERSION = YES;
				GCC_WARN_ABOUT_RETURN_TYPE = YES_ERROR;
				GCC_WARN_UNDECLARED_SELECTOR = YES;
				GCC_WARN_UNINITIALIZED_AUTOS = YES_AGGRESSIVE;
				GCC_WARN_UNUSED_FUNCTION = YES;
				GCC_WARN_UNUSED_VARIABLE = YES;
				IPHONEOS_DEPLOYMENT_TARGET = 10.2;
				MTL_ENABLE_DEBUG_INFO = YES;
				ONLY_ACTIVE_ARCH = YES;
				SDKROOT = iphoneos;
				SWIFT_ACTIVE_COMPILATION_CONDITIONS = DEBUG;
				SWIFT_OPTIMIZATION_LEVEL = "-Onone";
			};
			name = Debug;
		};
		FAB7961F1E955D3900318790 /* Release */ = {
			isa = XCBuildConfiguration;
			buildSettings = {
				ALWAYS_SEARCH_USER_PATHS = NO;
				CLANG_ANALYZER_NONNULL = YES;
				CLANG_CXX_LANGUAGE_STANDARD = "gnu++0x";
				CLANG_CXX_LIBRARY = "libc++";
				CLANG_ENABLE_MODULES = YES;
				CLANG_ENABLE_OBJC_ARC = YES;
				CLANG_WARN_BOOL_CONVERSION = YES;
				CLANG_WARN_CONSTANT_CONVERSION = YES;
				CLANG_WARN_DIRECT_OBJC_ISA_USAGE = YES_ERROR;
				CLANG_WARN_DOCUMENTATION_COMMENTS = YES;
				CLANG_WARN_EMPTY_BODY = YES;
				CLANG_WARN_ENUM_CONVERSION = YES;
				CLANG_WARN_INFINITE_RECURSION = YES;
				CLANG_WARN_INT_CONVERSION = YES;
				CLANG_WARN_OBJC_ROOT_CLASS = YES_ERROR;
				CLANG_WARN_SUSPICIOUS_MOVE = YES;
				CLANG_WARN_UNREACHABLE_CODE = YES;
				CLANG_WARN__DUPLICATE_METHOD_MATCH = YES;
				"CODE_SIGN_IDENTITY[sdk=iphoneos*]" = "iPhone Developer";
				COPY_PHASE_STRIP = NO;
				DEBUG_INFORMATION_FORMAT = "dwarf-with-dsym";
				ENABLE_NS_ASSERTIONS = NO;
				ENABLE_STRICT_OBJC_MSGSEND = YES;
				GCC_C_LANGUAGE_STANDARD = gnu99;
				GCC_NO_COMMON_BLOCKS = YES;
				GCC_WARN_64_TO_32_BIT_CONVERSION = YES;
				GCC_WARN_ABOUT_RETURN_TYPE = YES_ERROR;
				GCC_WARN_UNDECLARED_SELECTOR = YES;
				GCC_WARN_UNINITIALIZED_AUTOS = YES_AGGRESSIVE;
				GCC_WARN_UNUSED_FUNCTION = YES;
				GCC_WARN_UNUSED_VARIABLE = YES;
				IPHONEOS_DEPLOYMENT_TARGET = 10.2;
				MTL_ENABLE_DEBUG_INFO = NO;
				SDKROOT = iphoneos;
				SWIFT_OPTIMIZATION_LEVEL = "-Owholemodule";
				VALIDATE_PRODUCT = YES;
			};
			name = Release;
		};
		FAB796211E955D3900318790 /* Debug */ = {
			isa = XCBuildConfiguration;
			buildSettings = {
				ASSETCATALOG_COMPILER_APPICON_NAME = AppIcon;
				DEVELOPMENT_TEAM = VWSMFUQHS2;
				INFOPLIST_FILE = "The Connected Mailbox - XVI/Info.plist";
				LD_RUNPATH_SEARCH_PATHS = "$(inherited) @executable_path/Frameworks";
				PRODUCT_BUNDLE_IDENTIFIER = "LAGB.The-Connected-Mailbox---XVI";
				PRODUCT_NAME = "$(TARGET_NAME)";
				SWIFT_VERSION = 3.0;
			};
			name = Debug;
		};
		FAB796221E955D3900318790 /* Release */ = {
			isa = XCBuildConfiguration;
			buildSettings = {
				ASSETCATALOG_COMPILER_APPICON_NAME = AppIcon;
				DEVELOPMENT_TEAM = VWSMFUQHS2;
				INFOPLIST_FILE = "The Connected Mailbox - XVI/Info.plist";
				LD_RUNPATH_SEARCH_PATHS = "$(inherited) @executable_path/Frameworks";
				PRODUCT_BUNDLE_IDENTIFIER = "LAGB.The-Connected-Mailbox---XVI";
				PRODUCT_NAME = "$(TARGET_NAME)";
				SWIFT_VERSION = 3.0;
			};
			name = Release;
		};
/* End XCBuildConfiguration section */

/* Begin XCConfigurationList section */
		FAB796091E955D3900318790 /* Build configuration list for PBXProject "The Connected Mailbox - XVI" */ = {
			isa = XCConfigurationList;
			buildConfigurations = (
				FAB7961E1E955D3900318790 /* Debug */,
				FAB7961F1E955D3900318790 /* Release */,
			);
			defaultConfigurationIsVisible = 0;
			defaultConfigurationName = Release;
		};
		FAB796201E955D3900318790 /* Build configuration list for PBXNativeTarget "The Connected Mailbox - XVI" */ = {
			isa = XCConfigurationList;
			buildConfigurations = (
				FAB796211E955D3900318790 /* Debug */,
				FAB796221E955D3900318790 /* Release */,
			);
			defaultConfigurationIsVisible = 0;
		};
/* End XCConfigurationList section */
	};
	rootObject = FAB796061E955D3900318790 /* Project object */;
}
